
Microsoft Visual Studio Solution File, Format Version 12.00
# Visual Studio Version 16
VisualStudioVersion = 16.0.31702.278
MinimumVisualStudioVersion = 10.0.40219.1
Project("{FAE04EC0-301F-11D3-BF4B-00C04F79EFBC}") = "MyDrawingApp", "MyDrawingApp\MyDrawingApp.csproj", "{2AD52B04-D4FB-445C-A74A-7BD4852D0C74}"
EndProject
Global
	GlobalSection(SolutionConfigurationPlatforms) = preSolution
		Debug|Any CPU = Debug|Any CPU
		Release|Any CPU = Release|Any CPU
	EndGlobalSection
	GlobalSection(ProjectConfigurationPlatforms) = postSolution
		{2AD52B04-D4FB-445C-A74A-7BD4852D0C74}.Debug|Any CPU.ActiveCfg = Debug|Any CPU
		{2AD52B04-D4FB-445C-A74A-7BD4852D0C74}.Debug|Any CPU.Build.0 = Debug|Any CPU
		{2AD52B04-D4FB-445C-A74A-7BD4852D0C74}.Release|Any CPU.ActiveCfg = Release|Any CPU
		{2AD52B04-D4FB-445C-A74A-7BD4852D0C74}.Release|Any CPU.Build.0 = Release|Any CPU
	EndGlobalSection
	GlobalSection(SolutionProperties) = preSolution
		HideSolutionNode = FALSE
	EndGlobalSection
	GlobalSection(ExtensibilityGlobals) = postSolution
		SolutionGuid = {A34034F2-B474-49D5-B5C1-596E86E681DB}
	EndGlobalSection
EndGlobal
